
Microsoft Visual Studio Solution File, Format Version 12.00
# Visual Studio Version 16
VisualStudioVersion = 16.0.31515.178
MinimumVisualStudioVersion = 10.0.40219.1
Project("{FAE04EC0-301F-11D3-BF4B-00C04F79EFBC}") = "Tarea de semana 4. Grupo 2", "Tarea de semana 4. Grupo 2\Tarea de semana 4. Grupo 2.csproj", "{9385BB63-007E-4646-B79F-028CCC5892D7}"
EndProject
Global
	GlobalSection(SolutionConfigurationPlatforms) = preSolution
		Debug|Any CPU = Debug|Any CPU
		Release|Any CPU = Release|Any CPU
	EndGlobalSection
	GlobalSection(ProjectConfigurationPlatforms) = postSolution
		{9385BB63-007E-4646-B79F-028CCC5892D7}.Debug|Any CPU.ActiveCfg = Debug|Any CPU
		{9385BB63-007E-4646-B79F-028CCC5892D7}.Debug|Any CPU.Build.0 = Debug|Any CPU
		{9385BB63-007E-4646-B79F-028CCC5892D7}.Release|Any CPU.ActiveCfg = Release|Any CPU
		{9385BB63-007E-4646-B79F-028CCC5892D7}.Release|Any CPU.Build.0 = Release|Any CPU
	EndGlobalSection
	GlobalSection(SolutionProperties) = preSolution
		HideSolutionNode = FALSE
	EndGlobalSection
	GlobalSection(ExtensibilityGlobals) = postSolution
		SolutionGuid = {653B698C-6BA1-4E4D-8525-105276CA72F9}
	EndGlobalSection
EndGlobal
